// !$*UTF8*$!
{
	archiveVersion = 1;
	classes = {
	};
	objectVersion = 50;
	objects = {

/* Begin PBXBuildFile section */
		03714801262D71AF00347D92 /* PinterestLikeUIApp.swift in Sources */ = {isa = PBXBuildFile; fileRef = 03714800262D71AF00347D92 /* PinterestLikeUIApp.swift */; };
		03714803262D71AF00347D92 /* ContentView.swift in Sources */ = {isa = PBXBuildFile; fileRef = 03714802262D71AF00347D92 /* ContentView.swift */; };
		03714805262D71B100347D92 /* Assets.xcassets in Resources */ = {isa = PBXBuildFile; fileRef = 03714804262D71B100347D92 /* Assets.xcassets */; };
		03714808262D71B100347D92 /* Preview Assets.xcassets in Resources */ = {isa = PBXBuildFile; fileRef = 03714807262D71B100347D92 /* Preview Assets.xcassets */; };
		03714813262D71B100347D92 /* PinterestLikeUITests.swift in Sources */ = {isa = PBXBuildFile; fileRef = 03714812262D71B100347D92 /* PinterestLikeUITests.swift */; };
		0371481E262D71B100347D92 /* PinterestLikeUIUITests.swift in Sources */ = {isa = PBXBuildFile; fileRef = 0371481D262D71B100347D92 /* PinterestLikeUIUITests.swift */; };
		0371482F262D71CB00347D92 /* ItemView.swift in Sources */ = {isa = PBXBuildFile; fileRef = 0371482E262D71CB00347D92 /* ItemView.swift */; };
		03714834262D72D300347D92 /* TermLabel.swift in Sources */ = {isa = PBXBuildFile; fileRef = 03714833262D72D300347D92 /* TermLabel.swift */; };
		03714839262D780C00347D92 /* Data.swift in Sources */ = {isa = PBXBuildFile; fileRef = 03714838262D780C00347D92 /* Data.swift */; };
/* End PBXBuildFile section */

/* Begin PBXContainerItemProxy section */
		0371480F262D71B100347D92 /* PBXContainerItemProxy */ = {
			isa = PBXContainerItemProxy;
			containerPortal = 037147F5262D71AF00347D92 /* Project object */;
			proxyType = 1;
			remoteGlobalIDString = 037147FC262D71AF00347D92;
			remoteInfo = PinterestLikeUI;
		};
		0371481A262D71B100347D92 /* PBXContainerItemProxy */ = {
			isa = PBXContainerItemProxy;
			containerPortal = 037147F5262D71AF00347D92 /* Project object */;
			proxyType = 1;
			remoteGlobalIDString = 037147FC262D71AF00347D92;
			remoteInfo = PinterestLikeUI;
		};
/* End PBXContainerItemProxy section */

/* Begin PBXFileReference section */
		037147FD262D71AF00347D92 /* PinterestLikeUI.app */ = {isa = PBXFileReference; explicitFileType = wrapper.application; includeInIndex = 0; path = PinterestLikeUI.app; sourceTree = BUILT_PRODUCTS_DIR; };
		03714800262D71AF00347D92 /* PinterestLikeUIApp.swift */ = {isa = PBXFileReference; lastKnownFileType = sourcecode.swift; path = PinterestLikeUIApp.swift; sourceTree = "<group>"; };
		03714802262D71AF00347D92 /* ContentView.swift */ = {isa = PBXFileReference; lastKnownFileType = sourcecode.swift; path = ContentView.swift; sourceTree = "<group>"; };
		03714804262D71B100347D92 /* Assets.xcassets */ = {isa = PBXFileReference; lastKnownFileType = folder.assetcatalog; path = Assets.xcassets; sourceTree = "<group>"; };
		03714807262D71B100347D92 /* Preview Assets.xcassets */ = {isa = PBXFileReference; lastKnownFileType = folder.assetcatalog; path = "Preview Assets.xcassets"; sourceTree = "<group>"; };
		03714809262D71B100347D92 /* Info.plist */ = {isa = PBXFileReference; lastKnownFileType = text.plist.xml; path = Info.plist; sourceTree = "<group>"; };
		0371480E262D71B100347D92 /* PinterestLikeUITests.xctest */ = {isa = PBXFileReference; explicitFileType = wrapper.cfbundle; includeInIndex = 0; path = PinterestLikeUITests.xctest; sourceTree = BUILT_PRODUCTS_DIR; };
		03714812262D71B100347D92 /* PinterestLikeUITests.swift */ = {isa = PBXFileReference; lastKnownFileType = sourcecode.swift; path = PinterestLikeUITests.swift; sourceTree = "<group>"; };
		03714814262D71B100347D92 /* Info.plist */ = {isa = PBXFileReference; lastKnownFileType = text.plist.xml; path = Info.plist; sourceTree = "<group>"; };
		03714819262D71B100347D92 /* PinterestLikeUIUITests.xctest */ = {isa = PBXFileReference; explicitFileType = wrapper.cfbundle; includeInIndex = 0; path = PinterestLikeUIUITests.xctest; sourceTree = BUILT_PRODUCTS_DIR; };
		0371481D262D71B100347D92 /* PinterestLikeUIUITests.swift */ = {isa = PBXFileReference; lastKnownFileType = sourcecode.swift; path = PinterestLikeUIUITests.swift; sourceTree = "<group>"; };
		0371481F262D71B100347D92 /* Info.plist */ = {isa = PBXFileReference; lastKnownFileType = text.plist.xml; path = Info.plist; sourceTree = "<group>"; };
		0371482E262D71CB00347D92 /* ItemView.swift */ = {isa = PBXFileReference; lastKnownFileType = sourcecode.swift; path = ItemView.swift; sourceTree = "<group>"; };
		03714833262D72D300347D92 /* TermLabel.swift */ = {isa = PBXFileReference; lastKnownFileType = sourcecode.swift; path = TermLabel.swift; sourceTree = "<group>"; };
		03714838262D780C00347D92 /* Data.swift */ = {isa = PBXFileReference; lastKnownFileType = sourcecode.swift; path = Data.swift; sourceTree = "<group>"; };
/* End PBXFileReference section */

/* Begin PBXFrameworksBuildPhase section */
		037147FA262D71AF00347D92 /* Frameworks */ = {
			isa = PBXFrameworksBuildPhase;
			buildActionMask = 2147483647;
			files = (
			);
			runOnlyForDeploymentPostprocessing = 0;
		};
		0371480B262D71B100347D92 /* Frameworks */ = {
			isa = PBXFrameworksBuildPhase;
			buildActionMask = 2147483647;
			files = (
			);
			runOnlyForDeploymentPostprocessing = 0;
		};
		03714816262D71B100347D92 /* Frameworks */ = {
			isa = PBXFrameworksBuildPhase;
			buildActionMask = 2147483647;
			files = (
			);
			runOnlyForDeploymentPostprocessing = 0;
		};
/* End PBXFrameworksBuildPhase section */

/* Begin PBXGroup section */
		037147F4262D71AF00347D92 = {
			isa = PBXGroup;
			children = (
				037147FF262D71AF00347D92 /* PinterestLikeUI */,
				03714811262D71B100347D92 /* PinterestLikeUITests */,
				0371481C262D71B100347D92 /* PinterestLikeUIUITests */,
				037147FE262D71AF00347D92 /* Products */,
			);
			sourceTree = "<group>";
		};
		037147FE262D71AF00347D92 /* Products */ = {
			isa = PBXGroup;
			children = (
				037147FD262D71AF00347D92 /* PinterestLikeUI.app */,
				0371480E262D71B100347D92 /* PinterestLikeUITests.xctest */,
				03714819262D71B100347D92 /* PinterestLikeUIUITests.xctest */,
			);
			name = Products;
			sourceTree = "<group>";
		};
		037147FF262D71AF00347D92 /* PinterestLikeUI */ = {
			isa = PBXGroup;
			children = (
				03714800262D71AF00347D92 /* PinterestLikeUIApp.swift */,
				03714802262D71AF00347D92 /* ContentView.swift */,
				03714804262D71B100347D92 /* Assets.xcassets */,
				03714809262D71B100347D92 /* Info.plist */,
				03714806262D71B100347D92 /* Preview Content */,
				0371482E262D71CB00347D92 /* ItemView.swift */,
				03714833262D72D300347D92 /* TermLabel.swift */,
				03714838262D780C00347D92 /* Data.swift */,
			);
			path = PinterestLikeUI;
			sourceTree = "<group>";
		};
		03714806262D71B100347D92 /* Preview Content */ = {
			isa = PBXGroup;
			children = (
				03714807262D71B100347D92 /* Preview Assets.xcassets */,
			);
			path = "Preview Content";
			sourceTree = "<group>";
		};
		03714811262D71B100347D92 /* PinterestLikeUITests */ = {
			isa = PBXGroup;
			children = (
				03714812262D71B100347D92 /* PinterestLikeUITests.swift */,
				03714814262D71B100347D92 /* Info.plist */,
			);
			path = PinterestLikeUITests;
			sourceTree = "<group>";
		};
		0371481C262D71B100347D92 /* PinterestLikeUIUITests */ = {
			isa = PBXGroup;
			children = (
				0371481D262D71B100347D92 /* PinterestLikeUIUITests.swift */,
				0371481F262D71B100347D92 /* Info.plist */,
			);
			path = PinterestLikeUIUITests;
			sourceTree = "<group>";
		};
/* End PBXGroup section */

/* Begin PBXNativeTarget section */
		037147FC262D71AF00347D92 /* PinterestLikeUI */ = {
			isa = PBXNativeTarget;
			buildConfigurationList = 03714822262D71B100347D92 /* Build configuration list for PBXNativeTarget "PinterestLikeUI" */;
			buildPhases = (
				037147F9262D71AF00347D92 /* Sources */,
				037147FA262D71AF00347D92 /* Frameworks */,
				037147FB262D71AF00347D92 /* Resources */,
			);
			buildRules = (
			);
			dependencies = (
			);
			name = PinterestLikeUI;
			productName = PinterestLikeUI;
			productReference = 037147FD262D71AF00347D92 /* PinterestLikeUI.app */;
			productType = "com.apple.product-type.application";
		};
		0371480D262D71B100347D92 /* PinterestLikeUITests */ = {
			isa = PBXNativeTarget;
			buildConfigurationList = 03714825262D71B100347D92 /* Build configuration list for PBXNativeTarget "PinterestLikeUITests" */;
			buildPhases = (
				0371480A262D71B100347D92 /* Sources */,
				0371480B262D71B100347D92 /* Frameworks */,
				0371480C262D71B100347D92 /* Resources */,
			);
			buildRules = (
			);
			dependencies = (
				03714810262D71B100347D92 /* PBXTargetDependency */,
			);
			name = PinterestLikeUITests;
			productName = PinterestLikeUITests;
			productReference = 0371480E262D71B100347D92 /* PinterestLikeUITests.xctest */;
			productType = "com.apple.product-type.bundle.unit-test";
		};
		03714818262D71B100347D92 /* PinterestLikeUIUITests */ = {
			isa = PBXNativeTarget;
			buildConfigurationList = 03714828262D71B100347D92 /* Build configuration list for PBXNativeTarget "PinterestLikeUIUITests" */;
			buildPhases = (
				03714815262D71B100347D92 /* Sources */,
				03714816262D71B100347D92 /* Frameworks */,
				03714817262D71B100347D92 /* Resources */,
			);
			buildRules = (
			);
			dependencies = (
				0371481B262D71B100347D92 /* PBXTargetDependency */,
			);
			name = PinterestLikeUIUITests;
			productName = PinterestLikeUIUITests;
			productReference = 03714819262D71B100347D92 /* PinterestLikeUIUITests.xctest */;
			productType = "com.apple.product-type.bundle.ui-testing";
		};
/* End PBXNativeTarget section */

/* Begin PBXProject section */
		037147F5262D71AF00347D92 /* Project object */ = {
			isa = PBXProject;
			attributes = {
				LastSwiftUpdateCheck = 1240;
				LastUpgradeCheck = 1240;
				TargetAttributes = {
					037147FC262D71AF00347D92 = {
						CreatedOnToolsVersion = 12.4;
					};
					0371480D262D71B100347D92 = {
						CreatedOnToolsVersion = 12.4;
						TestTargetID = 037147FC262D71AF00347D92;
					};
					03714818262D71B100347D92 = {
						CreatedOnToolsVersion = 12.4;
						TestTargetID = 037147FC262D71AF00347D92;
					};
				};
			};
			buildConfigurationList = 037147F8262D71AF00347D92 /* Build configuration list for PBXProject "PinterestLikeUI" */;
			compatibilityVersion = "Xcode 9.3";
			developmentRegion = en;
			hasScannedForEncodings = 0;
			knownRegions = (
				en,
				Base,
			);
			mainGroup = 037147F4262D71AF00347D92;
			productRefGroup = 037147FE262D71AF00347D92 /* Products */;
			projectDirPath = "";
			projectRoot = "";
			targets = (
				037147FC262D71AF00347D92 /* PinterestLikeUI */,
				0371480D262D71B100347D92 /* PinterestLikeUITests */,
				03714818262D71B100347D92 /* PinterestLikeUIUITests */,
			);
		};
/* End PBXProject section */

/* Begin PBXResourcesBuildPhase section */
		037147FB262D71AF00347D92 /* Resources */ = {
			isa = PBXResourcesBuildPhase;
			buildActionMask = 2147483647;
			files = (
				03714808262D71B100347D92 /* Preview Assets.xcassets in Resources */,
				03714805262D71B100347D92 /* Assets.xcassets in Resources */,
			);
			runOnlyForDeploymentPostprocessing = 0;
		};
		0371480C262D71B100347D92 /* Resources */ = {
			isa = PBXResourcesBuildPhase;
			buildActionMask = 2147483647;
			files = (
			);
			runOnlyForDeploymentPostprocessing = 0;
		};
		03714817262D71B100347D92 /* Resources */ = {
			isa = PBXResourcesBuildPhase;
			buildActionMask = 2147483647;
			files = (
			);
			runOnlyForDeploymentPostprocessing = 0;
		};
/* End PBXResourcesBuildPhase section */

/* Begin PBXSourcesBuildPhase section */
		037147F9262D71AF00347D92 /* Sources */ = {
			isa = PBXSourcesBuildPhase;
			buildActionMask = 2147483647;
			files = (
				03714803262D71AF00347D92 /* ContentView.swift in Sources */,
				03714839262D780C00347D92 /* Data.swift in Sources */,
				0371482F262D71CB00347D92 /* ItemView.swift in Sources */,
				03714834262D72D300347D92 /* TermLabel.swift in Sources */,
				03714801262D71AF00347D92 /* PinterestLikeUIApp.swift in Sources */,
			);
			runOnlyForDeploymentPostprocessing = 0;
		};
		0371480A262D71B100347D92 /* Sources */ = {
			isa = PBXSourcesBuildPhase;
			buildActionMask = 2147483647;
			files = (
				03714813262D71B100347D92 /* PinterestLikeUITests.swift in Sources */,
			);
			runOnlyForDeploymentPostprocessing = 0;
		};
		03714815262D71B100347D92 /* Sources */ = {
			isa = PBXSourcesBuildPhase;
			buildActionMask = 2147483647;
			files = (
				0371481E262D71B100347D92 /* PinterestLikeUIUITests.swift in Sources */,
			);
			runOnlyForDeploymentPostprocessing = 0;
		};
/* End PBXSourcesBuildPhase section */

/* Begin PBXTargetDependency section */
		03714810262D71B100347D92 /* PBXTargetDependency */ = {
			isa = PBXTargetDependency;
			target = 037147FC262D71AF00347D92 /* PinterestLikeUI */;
			targetProxy = 0371480F262D71B100347D92 /* PBXContainerItemProxy */;
		};
		0371481B262D71B100347D92 /* PBXTargetDependency */ = {
			isa = PBXTargetDependency;
			target = 037147FC262D71AF00347D92 /* PinterestLikeUI */;
			targetProxy = 0371481A262D71B100347D92 /* PBXContainerItemProxy */;
		};
/* End PBXTargetDependency section */

/* Begin XCBuildConfiguration section */
		03714820262D71B100347D92 /* Debug */ = {
			isa = XCBuildConfiguration;
			buildSettings = {
				ALWAYS_SEARCH_USER_PATHS = NO;
				CLANG_ANALYZER_NONNULL = YES;
				CLANG_ANALYZER_NUMBER_OBJECT_CONVERSION = YES_AGGRESSIVE;
				CLANG_CXX_LANGUAGE_STANDARD = "gnu++14";
				CLANG_CXX_LIBRARY = "libc++";
				CLANG_ENABLE_MODULES = YES;
				CLANG_ENABLE_OBJC_ARC = YES;
				CLANG_ENABLE_OBJC_WEAK = YES;
				CLANG_WARN_BLOCK_CAPTURE_AUTORELEASING = YES;
				CLANG_WARN_BOOL_CONVERSION = YES;
				CLANG_WARN_COMMA = YES;
				CLANG_WARN_CONSTANT_CONVERSION = YES;
				CLANG_WARN_DEPRECATED_OBJC_IMPLEMENTATIONS = YES;
				CLANG_WARN_DIRECT_OBJC_ISA_USAGE = YES_ERROR;
				CLANG_WARN_DOCUMENTATION_COMMENTS = YES;
				CLANG_WARN_EMPTY_BODY = YES;
				CLANG_WARN_ENUM_CONVERSION = YES;
				CLANG_WARN_INFINITE_RECURSION = YES;
				CLANG_WARN_INT_CONVERSION = YES;
				CLANG_WARN_NON_LITERAL_NULL_CONVERSION = YES;
				CLANG_WARN_OBJC_IMPLICIT_RETAIN_SELF = YES;
				CLANG_WARN_OBJC_LITERAL_CONVERSION = YES;
				CLANG_WARN_OBJC_ROOT_CLASS = YES_ERROR;
				CLANG_WARN_QUOTED_INCLUDE_IN_FRAMEWORK_HEADER = YES;
				CLANG_WARN_RANGE_LOOP_ANALYSIS = YES;
				CLANG_WARN_STRICT_PROTOTYPES = YES;
				CLANG_WARN_SUSPICIOUS_MOVE = YES;
				CLANG_WARN_UNGUARDED_AVAILABILITY = YES_AGGRESSIVE;
				CLANG_WARN_UNREACHABLE_CODE = YES;
				CLANG_WARN__DUPLICATE_METHOD_MATCH = YES;
				COPY_PHASE_STRIP = NO;
				DEBUG_INFORMATION_FORMAT = dwarf;
				ENABLE_STRICT_OBJC_MSGSEND = YES;
				ENABLE_TESTABILITY = YES;
				GCC_C_LANGUAGE_STANDARD = gnu11;
				GCC_DYNAMIC_NO_PIC = NO;
				GCC_NO_COMMON_BLOCKS = YES;
				GCC_OPTIMIZATION_LEVEL = 0;
				GCC_PREPROCESSOR_DEFINITIONS = (
					"DEBUG=1",
					"$(inherited)",
				);
				GCC_WARN_64_TO_32_BIT_CONVERSION = YES;
				GCC_WARN_ABOUT_RETURN_TYPE = YES_ERROR;
				GCC_WARN_UNDECLARED_SELECTOR = YES;
				GCC_WARN_UNINITIALIZED_AUTOS = YES_AGGRESSIVE;
				GCC_WARN_UNUSED_FUNCTION = YES;
				GCC_WARN_UNUSED_VARIABLE = YES;
				IPHONEOS_DEPLOYMENT_TARGET = 14.4;
				MTL_ENABLE_DEBUG_INFO = INCLUDE_SOURCE;
				MTL_FAST_MATH = YES;
				ONLY_ACTIVE_ARCH = YES;
				SDKROOT = iphoneos;
				SWIFT_ACTIVE_COMPILATION_CONDITIONS = DEBUG;
				SWIFT_OPTIMIZATION_LEVEL = "-Onone";
			};
			name = Debug;
		};
		03714821262D71B100347D92 /* Release */ = {
			isa = XCBuildConfiguration;
			buildSettings = {
				ALWAYS_SEARCH_USER_PATHS = NO;
				CLANG_ANALYZER_NONNULL = YES;
				CLANG_ANALYZER_NUMBER_OBJECT_CONVERSION = YES_AGGRESSIVE;
				CLANG_CXX_LANGUAGE_STANDARD = "gnu++14";
				CLANG_CXX_LIBRARY = "libc++";
				CLANG_ENABLE_MODULES = YES;
				CLANG_ENABLE_OBJC_ARC = YES;
				CLANG_ENABLE_OBJC_WEAK = YES;
				CLANG_WARN_BLOCK_CAPTURE_AUTORELEASING = YES;
				CLANG_WARN_BOOL_CONVERSION = YES;
				CLANG_WARN_COMMA = YES;
				CLANG_WARN_CONSTANT_CONVERSION = YES;
				CLANG_WARN_DEPRECATED_OBJC_IMPLEMENTATIONS = YES;
				CLANG_WARN_DIRECT_OBJC_ISA_USAGE = YES_ERROR;
				CLANG_WARN_DOCUMENTATION_COMMENTS = YES;
				CLANG_WARN_EMPTY_BODY = YES;
				CLANG_WARN_ENUM_CONVERSION = YES;
				CLANG_WARN_INFINITE_RECURSION = YES;
				CLANG_WARN_INT_CONVERSION = YES;
				CLANG_WARN_NON_LITERAL_NULL_CONVERSION = YES;
				CLANG_WARN_OBJC_IMPLICIT_RETAIN_SELF = YES;
				CLANG_WARN_OBJC_LITERAL_CONVERSION = YES;
				CLANG_WARN_OBJC_ROOT_CLASS = YES_ERROR;
				CLANG_WARN_QUOTED_INCLUDE_IN_FRAMEWORK_HEADER = YES;
				CLANG_WARN_RANGE_LOOP_ANALYSIS = YES;
				CLANG_WARN_STRICT_PROTOTYPES = YES;
				CLANG_WARN_SUSPICIOUS_MOVE = YES;
				CLANG_WARN_UNGUARDED_AVAILABILITY = YES_AGGRESSIVE;
				CLANG_WARN_UNREACHABLE_CODE = YES;
				CLANG_WARN__DUPLICATE_METHOD_MATCH = YES;
				COPY_PHASE_STRIP = NO;
				DEBUG_INFORMATION_FORMAT = "dwarf-with-dsym";
				ENABLE_NS_ASSERTIONS = NO;
				ENABLE_STRICT_OBJC_MSGSEND = YES;
				GCC_C_LANGUAGE_STANDARD = gnu11;
				GCC_NO_COMMON_BLOCKS = YES;
				GCC_WARN_64_TO_32_BIT_CONVERSION = YES;
				GCC_WARN_ABOUT_RETURN_TYPE = YES_ERROR;
				GCC_WARN_UNDECLARED_SELECTOR = YES;
				GCC_WARN_UNINITIALIZED_AUTOS = YES_AGGRESSIVE;
				GCC_WARN_UNUSED_FUNCTION = YES;
				GCC_WARN_UNUSED_VARIABLE = YES;
				IPHONEOS_DEPLOYMENT_TARGET = 14.4;
				MTL_ENABLE_DEBUG_INFO = NO;
				MTL_FAST_MATH = YES;
				SDKROOT = iphoneos;
				SWIFT_COMPILATION_MODE = wholemodule;
				SWIFT_OPTIMIZATION_LEVEL = "-O";
				VALIDATE_PRODUCT = YES;
			};
			name = Release;
		};
		03714823262D71B100347D92 /* Debug */ = {
			isa = XCBuildConfiguration;
			buildSettings = {
				ASSETCATALOG_COMPILER_APPICON_NAME = AppIcon;
				ASSETCATALOG_COMPILER_GLOBAL_ACCENT_COLOR_NAME = AccentColor;
				CODE_SIGN_STYLE = Automatic;
				DEVELOPMENT_ASSET_PATHS = "\"PinterestLikeUI/Preview Content\"";
				DEVELOPMENT_TEAM = 79XFQ8S9YT;
				ENABLE_PREVIEWS = YES;
				INFOPLIST_FILE = PinterestLikeUI/Info.plist;
				IPHONEOS_DEPLOYMENT_TARGET = 14.0;
				LD_RUNPATH_SEARCH_PATHS = (
					"$(inherited)",
					"@executable_path/Frameworks",
				);
				PRODUCT_BUNDLE_IDENTIFIER = tsurumotokentaro.PinterestLikeUI;
				PRODUCT_NAME = "$(TARGET_NAME)";
				SWIFT_VERSION = 5.0;
				TARGETED_DEVICE_FAMILY = "1,2";
			};
			name = Debug;
		};
		03714824262D71B100347D92 /* Release */ = {
			isa = XCBuildConfiguration;
			buildSettings = {
				ASSETCATALOG_COMPILER_APPICON_NAME = AppIcon;
				ASSETCATALOG_COMPILER_GLOBAL_ACCENT_COLOR_NAME = AccentColor;
				CODE_SIGN_STYLE = Automatic;
				DEVELOPMENT_ASSET_PATHS = "\"PinterestLikeUI/Preview Content\"";
				DEVELOPMENT_TEAM = 79XFQ8S9YT;
				ENABLE_PREVIEWS = YES;
				INFOPLIST_FILE = PinterestLikeUI/Info.plist;
				IPHONEOS_DEPLOYMENT_TARGET = 14.0;
				LD_RUNPATH_SEARCH_PATHS = (
					"$(inherited)",
					"@executable_path/Frameworks",
				);
				PRODUCT_BUNDLE_IDENTIFIER = tsurumotokentaro.PinterestLikeUI;
				PRODUCT_NAME = "$(TARGET_NAME)";
				SWIFT_VERSION = 5.0;
				TARGETED_DEVICE_FAMILY = "1,2";
			};
			name = Release;
		};
		03714826262D71B100347D92 /* Debug */ = {
			isa = XCBuildConfiguration;
			buildSettings = {
				ALWAYS_EMBED_SWIFT_STANDARD_LIBRARIES = YES;
				BUNDLE_LOADER = "$(TEST_HOST)";
				CODE_SIGN_STYLE = Automatic;
				DEVELOPMENT_TEAM = 79XFQ8S9YT;
				INFOPLIST_FILE = PinterestLikeUITests/Info.plist;
				IPHONEOS_DEPLOYMENT_TARGET = 14.0;
				LD_RUNPATH_SEARCH_PATHS = (
					"$(inherited)",
					"@executable_path/Frameworks",
					"@loader_path/Frameworks",
				);
				PRODUCT_BUNDLE_IDENTIFIER = tsurumotokentaro.PinterestLikeUITests;
				PRODUCT_NAME = "$(TARGET_NAME)";
				SWIFT_VERSION = 5.0;
				TARGETED_DEVICE_FAMILY = "1,2";
				TEST_HOST = "$(BUILT_PRODUCTS_DIR)/PinterestLikeUI.app/PinterestLikeUI";
			};
			name = Debug;
		};
		03714827262D71B100347D92 /* Release */ = {
			isa = XCBuildConfiguration;
			buildSettings = {
				ALWAYS_EMBED_SWIFT_STANDARD_LIBRARIES = YES;
				BUNDLE_LOADER = "$(TEST_HOST)";
				CODE_SIGN_STYLE = Automatic;
				DEVELOPMENT_TEAM = 79XFQ8S9YT;
				INFOPLIST_FILE = PinterestLikeUITests/Info.plist;
				IPHONEOS_DEPLOYMENT_TARGET = 14.0;
				LD_RUNPATH_SEARCH_PATHS = (
					"$(inherited)",
					"@executable_path/Frameworks",
					"@loader_path/Frameworks",
				);
				PRODUCT_BUNDLE_IDENTIFIER = tsurumotokentaro.PinterestLikeUITests;
				PRODUCT_NAME = "$(TARGET_NAME)";
				SWIFT_VERSION = 5.0;
				TARGETED_DEVICE_FAMILY = "1,2";
				TEST_HOST = "$(BUILT_PRODUCTS_DIR)/PinterestLikeUI.app/PinterestLikeUI";
			};
			name = Release;
		};
		03714829262D71B100347D92 /* Debug */ = {
			isa = XCBuildConfiguration;
			buildSettings = {
				ALWAYS_EMBED_SWIFT_STANDARD_LIBRARIES = YES;
				CODE_SIGN_STYLE = Automatic;
				DEVELOPMENT_TEAM = 79XFQ8S9YT;
				INFOPLIST_FILE = PinterestLikeUIUITests/Info.plist;
				LD_RUNPATH_SEARCH_PATHS = (
					"$(inherited)",
					"@executable_path/Frameworks",
					"@loader_path/Frameworks",
				);
				PRODUCT_BUNDLE_IDENTIFIER = tsurumotokentaro.PinterestLikeUIUITests;
				PRODUCT_NAME = "$(TARGET_NAME)";
				SWIFT_VERSION = 5.0;
				TARGETED_DEVICE_FAMILY = "1,2";
				TEST_TARGET_NAME = PinterestLikeUI;
			};
			name = Debug;
		};
		0371482A262D71B100347D92 /* Release */ = {
			isa = XCBuildConfiguration;
			buildSettings = {
				ALWAYS_EMBED_SWIFT_STANDARD_LIBRARIES = YES;
				CODE_SIGN_STYLE = Automatic;
				DEVELOPMENT_TEAM = 79XFQ8S9YT;
				INFOPLIST_FILE = PinterestLikeUIUITests/Info.plist;
				LD_RUNPATH_SEARCH_PATHS = (
					"$(inherited)",
					"@executable_path/Frameworks",
					"@loader_path/Frameworks",
				);
				PRODUCT_BUNDLE_IDENTIFIER = tsurumotokentaro.PinterestLikeUIUITests;
				PRODUCT_NAME = "$(TARGET_NAME)";
				SWIFT_VERSION = 5.0;
				TARGETED_DEVICE_FAMILY = "1,2";
				TEST_TARGET_NAME = PinterestLikeUI;
			};
			name = Release;
		};
/* End XCBuildConfiguration section */

/* Begin XCConfigurationList section */
		037147F8262D71AF00347D92 /* Build configuration list for PBXProject "PinterestLikeUI" */ = {
			isa = XCConfigurationList;
			buildConfigurations = (
				03714820262D71B100347D92 /* Debug */,
				03714821262D71B100347D92 /* Release */,
			);
			defaultConfigurationIsVisible = 0;
			defaultConfigurationName = Release;
		};
		03714822262D71B100347D92 /* Build configuration list for PBXNativeTarget "PinterestLikeUI" */ = {
			isa = XCConfigurationList;
			buildConfigurations = (
				03714823262D71B100347D92 /* Debug */,
				03714824262D71B100347D92 /* Release */,
			);
			defaultConfigurationIsVisible = 0;
			defaultConfigurationName = Release;
		};
		03714825262D71B100347D92 /* Build configuration list for PBXNativeTarget "PinterestLikeUITests" */ = {
			isa = XCConfigurationList;
			buildConfigurations = (
				03714826262D71B100347D92 /* Debug */,
				03714827262D71B100347D92 /* Release */,
			);
			defaultConfigurationIsVisible = 0;
			defaultConfigurationName = Release;
		};
		03714828262D71B100347D92 /* Build configuration list for PBXNativeTarget "PinterestLikeUIUITests" */ = {
			isa = XCConfigurationList;
			buildConfigurations = (
				03714829262D71B100347D92 /* Debug */,
				0371482A262D71B100347D92 /* Release */,
			);
			defaultConfigurationIsVisible = 0;
			defaultConfigurationName = Release;
		};
/* End XCConfigurationList section */
	};
	rootObject = 037147F5262D71AF00347D92 /* Project object */;
}
